// !$*UTF8*$!
{
	archiveVersion = 1;
	classes = {
	};
	objectVersion = 56;
	objects = {

/* Begin PBXBuildFile section */
		7025DB992B02E9AE008D1569 /* AppDelegate.swift in Sources */ = {isa = PBXBuildFile; fileRef = 7025DB982B02E9AE008D1569 /* AppDelegate.swift */; };
		7025DB9B2B02E9AE008D1569 /* SceneDelegate.swift in Sources */ = {isa = PBXBuildFile; fileRef = 7025DB9A2B02E9AE008D1569 /* SceneDelegate.swift */; };
		7025DB9D2B02E9AE008D1569 /* ViewController.swift in Sources */ = {isa = PBXBuildFile; fileRef = 7025DB9C2B02E9AE008D1569 /* ViewController.swift */; };
		7025DBA02B02E9AE008D1569 /* Main.storyboard in Resources */ = {isa = PBXBuildFile; fileRef = 7025DB9E2B02E9AE008D1569 /* Main.storyboard */; };
		7025DBA22B02E9B0008D1569 /* Assets.xcassets in Resources */ = {isa = PBXBuildFile; fileRef = 7025DBA12B02E9B0008D1569 /* Assets.xcassets */; };
		7025DBA52B02E9B0008D1569 /* LaunchScreen.storyboard in Resources */ = {isa = PBXBuildFile; fileRef = 7025DBA32B02E9B0008D1569 /* LaunchScreen.storyboard */; };
		7025DBAF2B02F358008D1569 /* ProfileVC.swift in Sources */ = {isa = PBXBuildFile; fileRef = 7025DBAE2B02F358008D1569 /* ProfileVC.swift */; };
		7025DBB32B02FE9F008D1569 /* StudentCell.swift in Sources */ = {isa = PBXBuildFile; fileRef = 7025DBB22B02FE9F008D1569 /* StudentCell.swift */; };
		7025DBB52B02FEB2008D1569 /* Model.swift in Sources */ = {isa = PBXBuildFile; fileRef = 7025DBB42B02FEB2008D1569 /* Model.swift */; };
		7025DBB72B0305FB008D1569 /* StudentsTVC.swift in Sources */ = {isa = PBXBuildFile; fileRef = 7025DBB62B0305FB008D1569 /* StudentsTVC.swift */; };
/* End PBXBuildFile section */

/* Begin PBXFileReference section */
		7025DB952B02E9AE008D1569 /* sample-exam-2.app */ = {isa = PBXFileReference; explicitFileType = wrapper.application; includeInIndex = 0; path = "sample-exam-2.app"; sourceTree = BUILT_PRODUCTS_DIR; };
		7025DB982B02E9AE008D1569 /* AppDelegate.swift */ = {isa = PBXFileReference; lastKnownFileType = sourcecode.swift; path = AppDelegate.swift; sourceTree = "<group>"; };
		7025DB9A2B02E9AE008D1569 /* SceneDelegate.swift */ = {isa = PBXFileReference; lastKnownFileType = sourcecode.swift; path = SceneDelegate.swift; sourceTree = "<group>"; };
		7025DB9C2B02E9AE008D1569 /* ViewController.swift */ = {isa = PBXFileReference; lastKnownFileType = sourcecode.swift; path = ViewController.swift; sourceTree = "<group>"; };
		7025DB9F2B02E9AE008D1569 /* Base */ = {isa = PBXFileReference; lastKnownFileType = file.storyboard; name = Base; path = Base.lproj/Main.storyboard; sourceTree = "<group>"; };
		7025DBA12B02E9B0008D1569 /* Assets.xcassets */ = {isa = PBXFileReference; lastKnownFileType = folder.assetcatalog; path = Assets.xcassets; sourceTree = "<group>"; };
		7025DBA42B02E9B0008D1569 /* Base */ = {isa = PBXFileReference; lastKnownFileType = file.storyboard; name = Base; path = Base.lproj/LaunchScreen.storyboard; sourceTree = "<group>"; };
		7025DBA62B02E9B0008D1569 /* Info.plist */ = {isa = PBXFileReference; lastKnownFileType = text.plist.xml; path = Info.plist; sourceTree = "<group>"; };
		7025DBAE2B02F358008D1569 /* ProfileVC.swift */ = {isa = PBXFileReference; lastKnownFileType = sourcecode.swift; path = ProfileVC.swift; sourceTree = "<group>"; };
		7025DBB22B02FE9F008D1569 /* StudentCell.swift */ = {isa = PBXFileReference; lastKnownFileType = sourcecode.swift; path = StudentCell.swift; sourceTree = "<group>"; };
		7025DBB42B02FEB2008D1569 /* Model.swift */ = {isa = PBXFileReference; lastKnownFileType = sourcecode.swift; path = Model.swift; sourceTree = "<group>"; };
		7025DBB62B0305FB008D1569 /* StudentsTVC.swift */ = {isa = PBXFileReference; lastKnownFileType = sourcecode.swift; path = StudentsTVC.swift; sourceTree = "<group>"; };
/* End PBXFileReference section */

/* Begin PBXFrameworksBuildPhase section */
		7025DB922B02E9AD008D1569 /* Frameworks */ = {
			isa = PBXFrameworksBuildPhase;
			buildActionMask = 2147483647;
			files = (
			);
			runOnlyForDeploymentPostprocessing = 0;
		};
/* End PBXFrameworksBuildPhase section */

/* Begin PBXGroup section */
		7025DB8C2B02E9AD008D1569 = {
			isa = PBXGroup;
			children = (
				7025DB972B02E9AE008D1569 /* sample-exam-2 */,
				7025DB962B02E9AE008D1569 /* Products */,
			);
			sourceTree = "<group>";
		};
		7025DB962B02E9AE008D1569 /* Products */ = {
			isa = PBXGroup;
			children = (
				7025DB952B02E9AE008D1569 /* sample-exam-2.app */,
			);
			name = Products;
			sourceTree = "<group>";
		};
		7025DB972B02E9AE008D1569 /* sample-exam-2 */ = {
			isa = PBXGroup;
			children = (
				7025DB982B02E9AE008D1569 /* AppDelegate.swift */,
				7025DB9A2B02E9AE008D1569 /* SceneDelegate.swift */,
				7025DB9C2B02E9AE008D1569 /* ViewController.swift */,
				7025DB9E2B02E9AE008D1569 /* Main.storyboard */,
				7025DBB62B0305FB008D1569 /* StudentsTVC.swift */,
				7025DBB22B02FE9F008D1569 /* StudentCell.swift */,
				7025DBB42B02FEB2008D1569 /* Model.swift */,
				7025DBAE2B02F358008D1569 /* ProfileVC.swift */,
				7025DBA12B02E9B0008D1569 /* Assets.xcassets */,
				7025DBA32B02E9B0008D1569 /* LaunchScreen.storyboard */,
				7025DBA62B02E9B0008D1569 /* Info.plist */,
			);
			path = "sample-exam-2";
			sourceTree = "<group>";
		};
/* End PBXGroup section */

/* Begin PBXNativeTarget section */
		7025DB942B02E9AD008D1569 /* sample-exam-2 */ = {
			isa = PBXNativeTarget;
			buildConfigurationList = 7025DBA92B02E9B0008D1569 /* Build configuration list for PBXNativeTarget "sample-exam-2" */;
			buildPhases = (
				7025DB912B02E9AD008D1569 /* Sources */,
				7025DB922B02E9AD008D1569 /* Frameworks */,
				7025DB932B02E9AD008D1569 /* Resources */,
			);
			buildRules = (
			);
			dependencies = (
			);
			name = "sample-exam-2";
			productName = "sample-exam-2";
			productReference = 7025DB952B02E9AE008D1569 /* sample-exam-2.app */;
			productType = "com.apple.product-type.application";
		};
/* End PBXNativeTarget section */

/* Begin PBXProject section */
		7025DB8D2B02E9AD008D1569 /* Project object */ = {
			isa = PBXProject;
			attributes = {
				BuildIndependentTargetsInParallel = 1;
				LastSwiftUpdateCheck = 1500;
				LastUpgradeCheck = 1500;
				TargetAttributes = {
					7025DB942B02E9AD008D1569 = {
						CreatedOnToolsVersion = 15.0;
					};
				};
			};
			buildConfigurationList = 7025DB902B02E9AD008D1569 /* Build configuration list for PBXProject "sample-exam-2" */;
			compatibilityVersion = "Xcode 14.0";
			developmentRegion = en;
			hasScannedForEncodings = 0;
			knownRegions = (
				en,
				Base,
			);
			mainGroup = 7025DB8C2B02E9AD008D1569;
			productRefGroup = 7025DB962B02E9AE008D1569 /* Products */;
			projectDirPath = "";
			projectRoot = "";
			targets = (
				7025DB942B02E9AD008D1569 /* sample-exam-2 */,
			);
		};
/* End PBXProject section */

/* Begin PBXResourcesBuildPhase section */
		7025DB932B02E9AD008D1569 /* Resources */ = {
			isa = PBXResourcesBuildPhase;
			buildActionMask = 2147483647;
			files = (
				7025DBA52B02E9B0008D1569 /* LaunchScreen.storyboard in Resources */,
				7025DBA22B02E9B0008D1569 /* Assets.xcassets in Resources */,
				7025DBA02B02E9AE008D1569 /* Main.storyboard in Resources */,
			);
			runOnlyForDeploymentPostprocessing = 0;
		};
/* End PBXResourcesBuildPhase section */

/* Begin PBXSourcesBuildPhase section */
		7025DB912B02E9AD008D1569 /* Sources */ = {
			isa = PBXSourcesBuildPhase;
			buildActionMask = 2147483647;
			files = (
				7025DBB52B02FEB2008D1569 /* Model.swift in Sources */,
				7025DBAF2B02F358008D1569 /* ProfileVC.swift in Sources */,
				7025DB9D2B02E9AE008D1569 /* ViewController.swift in Sources */,
				7025DBB32B02FE9F008D1569 /* StudentCell.swift in Sources */,
				7025DBB72B0305FB008D1569 /* StudentsTVC.swift in Sources */,
				7025DB992B02E9AE008D1569 /* AppDelegate.swift in Sources */,
				7025DB9B2B02E9AE008D1569 /* SceneDelegate.swift in Sources */,
			);
			runOnlyForDeploymentPostprocessing = 0;
		};
/* End PBXSourcesBuildPhase section */

/* Begin PBXVariantGroup section */
		7025DB9E2B02E9AE008D1569 /* Main.storyboard */ = {
			isa = PBXVariantGroup;
			children = (
				7025DB9F2B02E9AE008D1569 /* Base */,
			);
			name = Main.storyboard;
			sourceTree = "<group>";
		};
		7025DBA32B02E9B0008D1569 /* LaunchScreen.storyboard */ = {
			isa = PBXVariantGroup;
			children = (
				7025DBA42B02E9B0008D1569 /* Base */,
			);
			name = LaunchScreen.storyboard;
			sourceTree = "<group>";
		};
/* End PBXVariantGroup section */

/* Begin XCBuildConfiguration section */
		7025DBA72B02E9B0008D1569 /* Debug */ = {
			isa = XCBuildConfiguration;
			buildSettings = {
				ALWAYS_SEARCH_USER_PATHS = NO;
				ASSETCATALOG_COMPILER_GENERATE_SWIFT_ASSET_SYMBOL_EXTENSIONS = YES;
				CLANG_ANALYZER_NONNULL = YES;
				CLANG_ANALYZER_NUMBER_OBJECT_CONVERSION = YES_AGGRESSIVE;
				CLANG_CXX_LANGUAGE_STANDARD = "gnu++20";
				CLANG_ENABLE_MODULES = YES;
				CLANG_ENABLE_OBJC_ARC = YES;
				CLANG_ENABLE_OBJC_WEAK = YES;
				CLANG_WARN_BLOCK_CAPTURE_AUTORELEASING = YES;
				CLANG_WARN_BOOL_CONVERSION = YES;
				CLANG_WARN_COMMA = YES;
				CLANG_WARN_CONSTANT_CONVERSION = YES;
				CLANG_WARN_DEPRECATED_OBJC_IMPLEMENTATIONS = YES;
				CLANG_WARN_DIRECT_OBJC_ISA_USAGE = YES_ERROR;
				CLANG_WARN_DOCUMENTATION_COMMENTS = YES;
				CLANG_WARN_EMPTY_BODY = YES;
				CLANG_WARN_ENUM_CONVERSION = YES;
				CLANG_WARN_INFINITE_RECURSION = YES;
				CLANG_WARN_INT_CONVERSION = YES;
				CLANG_WARN_NON_LITERAL_NULL_CONVERSION = YES;
				CLANG_WARN_OBJC_IMPLICIT_RETAIN_SELF = YES;
				CLANG_WARN_OBJC_LITERAL_CONVERSION = YES;
				CLANG_WARN_OBJC_ROOT_CLASS = YES_ERROR;
				CLANG_WARN_QUOTED_INCLUDE_IN_FRAMEWORK_HEADER = YES;
				CLANG_WARN_RANGE_LOOP_ANALYSIS = YES;
				CLANG_WARN_STRICT_PROTOTYPES = YES;
				CLANG_WARN_SUSPICIOUS_MOVE = YES;
				CLANG_WARN_UNGUARDED_AVAILABILITY = YES_AGGRESSIVE;
				CLANG_WARN_UNREACHABLE_CODE = YES;
				CLANG_WARN__DUPLICATE_METHOD_MATCH = YES;
				COPY_PHASE_STRIP = NO;
				DEBUG_INFORMATION_FORMAT = dwarf;
				ENABLE_STRICT_OBJC_MSGSEND = YES;
				ENABLE_TESTABILITY = YES;
				ENABLE_USER_SCRIPT_SANDBOXING = YES;
				GCC_C_LANGUAGE_STANDARD = gnu17;
				GCC_DYNAMIC_NO_PIC = NO;
				GCC_NO_COMMON_BLOCKS = YES;
				GCC_OPTIMIZATION_LEVEL = 0;
				GCC_PREPROCESSOR_DEFINITIONS = (
					"DEBUG=1",
					"$(inherited)",
				);
				GCC_WARN_64_TO_32_BIT_CONVERSION = YES;
				GCC_WARN_ABOUT_RETURN_TYPE = YES_ERROR;
				GCC_WARN_UNDECLARED_SELECTOR = YES;
				GCC_WARN_UNINITIALIZED_AUTOS = YES_AGGRESSIVE;
				GCC_WARN_UNUSED_FUNCTION = YES;
				GCC_WARN_UNUSED_VARIABLE = YES;
				IPHONEOS_DEPLOYMENT_TARGET = 17.0;
				LOCALIZATION_PREFERS_STRING_CATALOGS = YES;
				MTL_ENABLE_DEBUG_INFO = INCLUDE_SOURCE;
				MTL_FAST_MATH = YES;
				ONLY_ACTIVE_ARCH = YES;
				SDKROOT = iphoneos;
				SWIFT_ACTIVE_COMPILATION_CONDITIONS = "DEBUG $(inherited)";
				SWIFT_OPTIMIZATION_LEVEL = "-Onone";
			};
			name = Debug;
		};
		7025DBA82B02E9B0008D1569 /* Release */ = {
			isa = XCBuildConfiguration;
			buildSettings = {
				ALWAYS_SEARCH_USER_PATHS = NO;
				ASSETCATALOG_COMPILER_GENERATE_SWIFT_ASSET_SYMBOL_EXTENSIONS = YES;
				CLANG_ANALYZER_NONNULL = YES;
				CLANG_ANALYZER_NUMBER_OBJECT_CONVERSION = YES_AGGRESSIVE;
				CLANG_CXX_LANGUAGE_STANDARD = "gnu++20";
				CLANG_ENABLE_MODULES = YES;
				CLANG_ENABLE_OBJC_ARC = YES;
				CLANG_ENABLE_OBJC_WEAK = YES;
				CLANG_WARN_BLOCK_CAPTURE_AUTORELEASING = YES;
				CLANG_WARN_BOOL_CONVERSION = YES;
				CLANG_WARN_COMMA = YES;
				CLANG_WARN_CONSTANT_CONVERSION = YES;
				CLANG_WARN_DEPRECATED_OBJC_IMPLEMENTATIONS = YES;
				CLANG_WARN_DIRECT_OBJC_ISA_USAGE = YES_ERROR;
				CLANG_WARN_DOCUMENTATION_COMMENTS = YES;
				CLANG_WARN_EMPTY_BODY = YES;
				CLANG_WARN_ENUM_CONVERSION = YES;
				CLANG_WARN_INFINITE_RECURSION = YES;
				CLANG_WARN_INT_CONVERSION = YES;
				CLANG_WARN_NON_LITERAL_NULL_CONVERSION = YES;
				CLANG_WARN_OBJC_IMPLICIT_RETAIN_SELF = YES;
				CLANG_WARN_OBJC_LITERAL_CONVERSION = YES;
				CLANG_WARN_OBJC_ROOT_CLASS = YES_ERROR;
				CLANG_WARN_QUOTED_INCLUDE_IN_FRAMEWORK_HEADER = YES;
				CLANG_WARN_RANGE_LOOP_ANALYSIS = YES;
				CLANG_WARN_STRICT_PROTOTYPES = YES;
				CLANG_WARN_SUSPICIOUS_MOVE = YES;
				CLANG_WARN_UNGUARDED_AVAILABILITY = YES_AGGRESSIVE;
				CLANG_WARN_UNREACHABLE_CODE = YES;
				CLANG_WARN__DUPLICATE_METHOD_MATCH = YES;
				COPY_PHASE_STRIP = NO;
				DEBUG_INFORMATION_FORMAT = "dwarf-with-dsym";
				ENABLE_NS_ASSERTIONS = NO;
				ENABLE_STRICT_OBJC_MSGSEND = YES;
				ENABLE_USER_SCRIPT_SANDBOXING = YES;
				GCC_C_LANGUAGE_STANDARD = gnu17;
				GCC_NO_COMMON_BLOCKS = YES;
				GCC_WARN_64_TO_32_BIT_CONVERSION = YES;
				GCC_WARN_ABOUT_RETURN_TYPE = YES_ERROR;
				GCC_WARN_UNDECLARED_SELECTOR = YES;
				GCC_WARN_UNINITIALIZED_AUTOS = YES_AGGRESSIVE;
				GCC_WARN_UNUSED_FUNCTION = YES;
				GCC_WARN_UNUSED_VARIABLE = YES;
				IPHONEOS_DEPLOYMENT_TARGET = 17.0;
				LOCALIZATION_PREFERS_STRING_CATALOGS = YES;
				MTL_ENABLE_DEBUG_INFO = NO;
				MTL_FAST_MATH = YES;
				SDKROOT = iphoneos;
				SWIFT_COMPILATION_MODE = wholemodule;
				VALIDATE_PRODUCT = YES;
			};
			name = Release;
		};
		7025DBAA2B02E9B0008D1569 /* Debug */ = {
			isa = XCBuildConfiguration;
			buildSettings = {
				ASSETCATALOG_COMPILER_APPICON_NAME = AppIcon;
				ASSETCATALOG_COMPILER_GLOBAL_ACCENT_COLOR_NAME = AccentColor;
				CODE_SIGN_STYLE = Automatic;
				CURRENT_PROJECT_VERSION = 1;
				GENERATE_INFOPLIST_FILE = YES;
				INFOPLIST_FILE = "sample-exam-2/Info.plist";
				INFOPLIST_KEY_UIApplicationSupportsIndirectInputEvents = YES;
				INFOPLIST_KEY_UILaunchStoryboardName = LaunchScreen;
				INFOPLIST_KEY_UIMainStoryboardFile = Main;
				INFOPLIST_KEY_UISupportedInterfaceOrientations_iPad = "UIInterfaceOrientationPortrait UIInterfaceOrientationPortraitUpsideDown UIInterfaceOrientationLandscapeLeft UIInterfaceOrientationLandscapeRight";
				INFOPLIST_KEY_UISupportedInterfaceOrientations_iPhone = "UIInterfaceOrientationPortrait UIInterfaceOrientationLandscapeLeft UIInterfaceOrientationLandscapeRight";
				LD_RUNPATH_SEARCH_PATHS = (
					"$(inherited)",
					"@executable_path/Frameworks",
				);
				MARKETING_VERSION = 1.0;
				PRODUCT_BUNDLE_IDENTIFIER = "edu.nwmissouri.fall23.cs44643.sample-exam-2";
				PRODUCT_NAME = "$(TARGET_NAME)";
				SWIFT_EMIT_LOC_STRINGS = YES;
				SWIFT_VERSION = 5.0;
				TARGETED_DEVICE_FAMILY = "1,2";
			};
			name = Debug;
		};
		7025DBAB2B02E9B0008D1569 /* Release */ = {
			isa = XCBuildConfiguration;
			buildSettings = {
				ASSETCATALOG_COMPILER_APPICON_NAME = AppIcon;
				ASSETCATALOG_COMPILER_GLOBAL_ACCENT_COLOR_NAME = AccentColor;
				CODE_SIGN_STYLE = Automatic;
				CURRENT_PROJECT_VERSION = 1;
				GENERATE_INFOPLIST_FILE = YES;
				INFOPLIST_FILE = "sample-exam-2/Info.plist";
				INFOPLIST_KEY_UIApplicationSupportsIndirectInputEvents = YES;
				INFOPLIST_KEY_UILaunchStoryboardName = LaunchScreen;
				INFOPLIST_KEY_UIMainStoryboardFile = Main;
				INFOPLIST_KEY_UISupportedInterfaceOrientations_iPad = "UIInterfaceOrientationPortrait UIInterfaceOrientationPortraitUpsideDown UIInterfaceOrientationLandscapeLeft UIInterfaceOrientationLandscapeRight";
				INFOPLIST_KEY_UISupportedInterfaceOrientations_iPhone = "UIInterfaceOrientationPortrait UIInterfaceOrientationLandscapeLeft UIInterfaceOrientationLandscapeRight";
				LD_RUNPATH_SEARCH_PATHS = (
					"$(inherited)",
					"@executable_path/Frameworks",
				);
				MARKETING_VERSION = 1.0;
				PRODUCT_BUNDLE_IDENTIFIER = "edu.nwmissouri.fall23.cs44643.sample-exam-2";
				PRODUCT_NAME = "$(TARGET_NAME)";
				SWIFT_EMIT_LOC_STRINGS = YES;
				SWIFT_VERSION = 5.0;
				TARGETED_DEVICE_FAMILY = "1,2";
			};
			name = Release;
		};
/* End XCBuildConfiguration section */

/* Begin XCConfigurationList section */
		7025DB902B02E9AD008D1569 /* Build configuration list for PBXProject "sample-exam-2" */ = {
			isa = XCConfigurationList;
			buildConfigurations = (
				7025DBA72B02E9B0008D1569 /* Debug */,
				7025DBA82B02E9B0008D1569 /* Release */,
			);
			defaultConfigurationIsVisible = 0;
			defaultConfigurationName = Release;
		};
		7025DBA92B02E9B0008D1569 /* Build configuration list for PBXNativeTarget "sample-exam-2" */ = {
			isa = XCConfigurationList;
			buildConfigurations = (
				7025DBAA2B02E9B0008D1569 /* Debug */,
				7025DBAB2B02E9B0008D1569 /* Release */,
			);
			defaultConfigurationIsVisible = 0;
			defaultConfigurationName = Release;
		};
/* End XCConfigurationList section */
	};
	rootObject = 7025DB8D2B02E9AD008D1569 /* Project object */;
}
